
Microsoft Visual Studio Solution File, Format Version 12.00
# Visual Studio Version 17
VisualStudioVersion = 17.5.33530.505
MinimumVisualStudioVersion = 10.0.40219.1
Project("{FAE04EC0-301F-11D3-BF4B-00C04F79EFBC}") = "Transferencias.Android", "Transferencias.Android\Transferencias.Android.csproj", "{4C8B7674-11D0-4623-84BE-F8446C6BA789}"
EndProject
Project("{FAE04EC0-301F-11D3-BF4B-00C04F79EFBC}") = "Transferencias.iOS", "Transferencias.iOS\Transferencias.iOS.csproj", "{090D6169-8432-41F1-9BE6-3E5CA1A84658}"
EndProject
Project("{9A19103F-16F7-4668-BE54-9A1E7A4F7556}") = "Transferencias", "Transferencias\Transferencias.csproj", "{C500447E-DF96-47A8-B618-F4D3478E7D60}"
EndProject
Project("{FAE04EC0-301F-11D3-BF4B-00C04F79EFBC}") = "UITest", "UITest\UITest.csproj", "{DC130987-40F2-4662-86AB-D7DCA97A8579}"
EndProject
Global
	GlobalSection(SolutionConfigurationPlatforms) = preSolution
		Debug|Any CPU = Debug|Any CPU
		Debug|iPhone = Debug|iPhone
		Debug|iPhoneSimulator = Debug|iPhoneSimulator
		Release|Any CPU = Release|Any CPU
		Release|iPhone = Release|iPhone
		Release|iPhoneSimulator = Release|iPhoneSimulator
	EndGlobalSection
	GlobalSection(ProjectConfigurationPlatforms) = postSolution
		{4C8B7674-11D0-4623-84BE-F8446C6BA789}.Debug|Any CPU.ActiveCfg = Debug|Any CPU
		{4C8B7674-11D0-4623-84BE-F8446C6BA789}.Debug|Any CPU.Build.0 = Debug|Any CPU
		{4C8B7674-11D0-4623-84BE-F8446C6BA789}.Debug|Any CPU.Deploy.0 = Debug|Any CPU
		{4C8B7674-11D0-4623-84BE-F8446C6BA789}.Debug|iPhone.ActiveCfg = Debug|Any CPU
		{4C8B7674-11D0-4623-84BE-F8446C6BA789}.Debug|iPhone.Build.0 = Debug|Any CPU
		{4C8B7674-11D0-4623-84BE-F8446C6BA789}.Debug|iPhone.Deploy.0 = Debug|Any CPU
		{4C8B7674-11D0-4623-84BE-F8446C6BA789}.Debug|iPhoneSimulator.ActiveCfg = Debug|Any CPU
		{4C8B7674-11D0-4623-84BE-F8446C6BA789}.Debug|iPhoneSimulator.Build.0 = Debug|Any CPU
		{4C8B7674-11D0-4623-84BE-F8446C6BA789}.Debug|iPhoneSimulator.Deploy.0 = Debug|Any CPU
		{4C8B7674-11D0-4623-84BE-F8446C6BA789}.Release|Any CPU.ActiveCfg = Release|Any CPU
		{4C8B7674-11D0-4623-84BE-F8446C6BA789}.Release|Any CPU.Build.0 = Release|Any CPU
		{4C8B7674-11D0-4623-84BE-F8446C6BA789}.Release|Any CPU.Deploy.0 = Release|Any CPU
		{4C8B7674-11D0-4623-84BE-F8446C6BA789}.Release|iPhone.ActiveCfg = Release|Any CPU
		{4C8B7674-11D0-4623-84BE-F8446C6BA789}.Release|iPhone.Build.0 = Release|Any CPU
		{4C8B7674-11D0-4623-84BE-F8446C6BA789}.Release|iPhone.Deploy.0 = Release|Any CPU
		{4C8B7674-11D0-4623-84BE-F8446C6BA789}.Release|iPhoneSimulator.ActiveCfg = Release|Any CPU
		{4C8B7674-11D0-4623-84BE-F8446C6BA789}.Release|iPhoneSimulator.Build.0 = Release|Any CPU
		{4C8B7674-11D0-4623-84BE-F8446C6BA789}.Release|iPhoneSimulator.Deploy.0 = Release|Any CPU
		{090D6169-8432-41F1-9BE6-3E5CA1A84658}.Debug|Any CPU.ActiveCfg = Debug|iPhone
		{090D6169-8432-41F1-9BE6-3E5CA1A84658}.Debug|Any CPU.Build.0 = Debug|iPhone
		{090D6169-8432-41F1-9BE6-3E5CA1A84658}.Debug|Any CPU.Deploy.0 = Debug|iPhone
		{090D6169-8432-41F1-9BE6-3E5CA1A84658}.Debug|iPhone.ActiveCfg = Debug|iPhone
		{090D6169-8432-41F1-9BE6-3E5CA1A84658}.Debug|iPhone.Build.0 = Debug|iPhone
		{090D6169-8432-41F1-9BE6-3E5CA1A84658}.Debug|iPhone.Deploy.0 = Debug|iPhone
		{090D6169-8432-41F1-9BE6-3E5CA1A84658}.Debug|iPhoneSimulator.ActiveCfg = Debug|iPhoneSimulator
		{090D6169-8432-41F1-9BE6-3E5CA1A84658}.Debug|iPhoneSimulator.Build.0 = Debug|iPhoneSimulator
		{090D6169-8432-41F1-9BE6-3E5CA1A84658}.Debug|iPhoneSimulator.Deploy.0 = Debug|iPhoneSimulator
		{090D6169-8432-41F1-9BE6-3E5CA1A84658}.Release|Any CPU.ActiveCfg = Release|iPhoneSimulator
		{090D6169-8432-41F1-9BE6-3E5CA1A84658}.Release|Any CPU.Build.0 = Release|iPhoneSimulator
		{090D6169-8432-41F1-9BE6-3E5CA1A84658}.Release|Any CPU.Deploy.0 = Release|iPhoneSimulator
		{090D6169-8432-41F1-9BE6-3E5CA1A84658}.Release|iPhone.ActiveCfg = Release|iPhone
		{090D6169-8432-41F1-9BE6-3E5CA1A84658}.Release|iPhone.Build.0 = Release|iPhone
		{090D6169-8432-41F1-9BE6-3E5CA1A84658}.Release|iPhone.Deploy.0 = Release|iPhone
		{090D6169-8432-41F1-9BE6-3E5CA1A84658}.Release|iPhoneSimulator.ActiveCfg = Release|iPhoneSimulator
		{090D6169-8432-41F1-9BE6-3E5CA1A84658}.Release|iPhoneSimulator.Build.0 = Release|iPhoneSimulator
		{090D6169-8432-41F1-9BE6-3E5CA1A84658}.Release|iPhoneSimulator.Deploy.0 = Release|iPhoneSimulator
		{C500447E-DF96-47A8-B618-F4D3478E7D60}.Debug|Any CPU.ActiveCfg = Debug|Any CPU
		{C500447E-DF96-47A8-B618-F4D3478E7D60}.Debug|Any CPU.Build.0 = Debug|Any CPU
		{C500447E-DF96-47A8-B618-F4D3478E7D60}.Debug|Any CPU.Deploy.0 = Debug|Any CPU
		{C500447E-DF96-47A8-B618-F4D3478E7D60}.Debug|iPhone.ActiveCfg = Debug|Any CPU
		{C500447E-DF96-47A8-B618-F4D3478E7D60}.Debug|iPhone.Build.0 = Debug|Any CPU
		{C500447E-DF96-47A8-B618-F4D3478E7D60}.Debug|iPhone.Deploy.0 = Debug|Any CPU
		{C500447E-DF96-47A8-B618-F4D3478E7D60}.Debug|iPhoneSimulator.ActiveCfg = Debug|Any CPU
		{C500447E-DF96-47A8-B618-F4D3478E7D60}.Debug|iPhoneSimulator.Build.0 = Debug|Any CPU
		{C500447E-DF96-47A8-B618-F4D3478E7D60}.Debug|iPhoneSimulator.Deploy.0 = Debug|Any CPU
		{C500447E-DF96-47A8-B618-F4D3478E7D60}.Release|Any CPU.ActiveCfg = Release|Any CPU
		{C500447E-DF96-47A8-B618-F4D3478E7D60}.Release|Any CPU.Build.0 = Release|Any CPU
		{C500447E-DF96-47A8-B618-F4D3478E7D60}.Release|Any CPU.Deploy.0 = Release|Any CPU
		{C500447E-DF96-47A8-B618-F4D3478E7D60}.Release|iPhone.ActiveCfg = Release|Any CPU
		{C500447E-DF96-47A8-B618-F4D3478E7D60}.Release|iPhone.Build.0 = Release|Any CPU
		{C500447E-DF96-47A8-B618-F4D3478E7D60}.Release|iPhone.Deploy.0 = Release|Any CPU
		{C500447E-DF96-47A8-B618-F4D3478E7D60}.Release|iPhoneSimulator.ActiveCfg = Release|Any CPU
		{C500447E-DF96-47A8-B618-F4D3478E7D60}.Release|iPhoneSimulator.Build.0 = Release|Any CPU
		{C500447E-DF96-47A8-B618-F4D3478E7D60}.Release|iPhoneSimulator.Deploy.0 = Release|Any CPU
		{DC130987-40F2-4662-86AB-D7DCA97A8579}.Debug|Any CPU.ActiveCfg = Debug|Any CPU
		{DC130987-40F2-4662-86AB-D7DCA97A8579}.Debug|Any CPU.Build.0 = Debug|Any CPU
		{DC130987-40F2-4662-86AB-D7DCA97A8579}.Debug|iPhone.ActiveCfg = Debug|Any CPU
		{DC130987-40F2-4662-86AB-D7DCA97A8579}.Debug|iPhone.Build.0 = Debug|Any CPU
		{DC130987-40F2-4662-86AB-D7DCA97A8579}.Debug|iPhoneSimulator.ActiveCfg = Debug|Any CPU
		{DC130987-40F2-4662-86AB-D7DCA97A8579}.Debug|iPhoneSimulator.Build.0 = Debug|Any CPU
		{DC130987-40F2-4662-86AB-D7DCA97A8579}.Release|Any CPU.ActiveCfg = Release|Any CPU
		{DC130987-40F2-4662-86AB-D7DCA97A8579}.Release|Any CPU.Build.0 = Release|Any CPU
		{DC130987-40F2-4662-86AB-D7DCA97A8579}.Release|iPhone.ActiveCfg = Release|Any CPU
		{DC130987-40F2-4662-86AB-D7DCA97A8579}.Release|iPhone.Build.0 = Release|Any CPU
		{DC130987-40F2-4662-86AB-D7DCA97A8579}.Release|iPhoneSimulator.ActiveCfg = Release|Any CPU
		{DC130987-40F2-4662-86AB-D7DCA97A8579}.Release|iPhoneSimulator.Build.0 = Release|Any CPU
	EndGlobalSection
	GlobalSection(SolutionProperties) = preSolution
		HideSolutionNode = FALSE
	EndGlobalSection
	GlobalSection(ExtensibilityGlobals) = postSolution
		SolutionGuid = {82C39FC5-E4E8-4DFF-B648-450B370F4D56}
	EndGlobalSection
EndGlobal
